
Microsoft Visual Studio Solution File, Format Version 12.00
# Visual Studio Version 17
VisualStudioVersion = 17.12.35707.178
MinimumVisualStudioVersion = 10.0.40219.1
Project("{FAE04EC0-301F-11D3-BF4B-00C04F79EFBC}") = "eventmatch", "eventmatch.csproj", "{8A39C815-CF5B-455F-9723-306AE21A143A}"
EndProject
Project("{54435603-DBB4-11D2-8724-00A0C9A8B90C}") = "MyWebsiteInstaller", "..\MyWebsiteInstaller\MyWebsiteInstaller.vdproj", "{457C1D90-BAF9-4DCE-ABD2-31C4EB1BF664}"
EndProject
Global
	GlobalSection(SolutionConfigurationPlatforms) = preSolution
		Debug|Any CPU = Debug|Any CPU
		Release|Any CPU = Release|Any CPU
	EndGlobalSection
	GlobalSection(ProjectConfigurationPlatforms) = postSolution
		{8A39C815-CF5B-455F-9723-306AE21A143A}.Debug|Any CPU.ActiveCfg = Debug|Any CPU
		{8A39C815-CF5B-455F-9723-306AE21A143A}.Debug|Any CPU.Build.0 = Debug|Any CPU
		{8A39C815-CF5B-455F-9723-306AE21A143A}.Release|Any CPU.ActiveCfg = Release|Any CPU
		{8A39C815-CF5B-455F-9723-306AE21A143A}.Release|Any CPU.Build.0 = Release|Any CPU
		{457C1D90-BAF9-4DCE-ABD2-31C4EB1BF664}.Debug|Any CPU.ActiveCfg = Debug
		{457C1D90-BAF9-4DCE-ABD2-31C4EB1BF664}.Release|Any CPU.ActiveCfg = Release
	EndGlobalSection
	GlobalSection(SolutionProperties) = preSolution
		HideSolutionNode = FALSE
	EndGlobalSection
EndGlobal
